
Microsoft Visual Studio Solution File, Format Version 12.00
# Visual Studio Version 16
VisualStudioVersion = 16.0.30204.135
MinimumVisualStudioVersion = 10.0.40219.1
Project("{FAE04EC0-301F-11D3-BF4B-00C04F79EFBC}") = "WebApplication2", "WebApplication2\WebApplication2.csproj", "{064FD3D0-8245-4BCD-8F18-D151BB857A47}"
EndProject
Global
	GlobalSection(SolutionConfigurationPlatforms) = preSolution
		Debug|Any CPU = Debug|Any CPU
		Release|Any CPU = Release|Any CPU
	EndGlobalSection
	GlobalSection(ProjectConfigurationPlatforms) = postSolution
		{064FD3D0-8245-4BCD-8F18-D151BB857A47}.Debug|Any CPU.ActiveCfg = Debug|Any CPU
		{064FD3D0-8245-4BCD-8F18-D151BB857A47}.Debug|Any CPU.Build.0 = Debug|Any CPU
		{064FD3D0-8245-4BCD-8F18-D151BB857A47}.Release|Any CPU.ActiveCfg = Release|Any CPU
		{064FD3D0-8245-4BCD-8F18-D151BB857A47}.Release|Any CPU.Build.0 = Release|Any CPU
	EndGlobalSection
	GlobalSection(SolutionProperties) = preSolution
		HideSolutionNode = FALSE
	EndGlobalSection
	GlobalSection(ExtensibilityGlobals) = postSolution
		SolutionGuid = {B9353E7F-A4C5-480B-A9C4-E77D87F86D92}
	EndGlobalSection
EndGlobal
